
Microsoft Visual Studio Solution File, Format Version 12.00
# Visual Studio Version 17
VisualStudioVersion = 17.14.36603.0 d17.14
MinimumVisualStudioVersion = 10.0.40219.1
Project("{FAE04EC0-301F-11D3-BF4B-00C04F79EFBC}") = "rideshare practice", "rideshare practice.csproj", "{E503A5BB-D41A-4C6E-B8BD-D21A75DEAD4E}"
EndProject
Global
	GlobalSection(SolutionConfigurationPlatforms) = preSolution
		Debug|Any CPU = Debug|Any CPU
		Release|Any CPU = Release|Any CPU
	EndGlobalSection
	GlobalSection(ProjectConfigurationPlatforms) = postSolution
		{E503A5BB-D41A-4C6E-B8BD-D21A75DEAD4E}.Debug|Any CPU.ActiveCfg = Debug|Any CPU
		{E503A5BB-D41A-4C6E-B8BD-D21A75DEAD4E}.Debug|Any CPU.Build.0 = Debug|Any CPU
		{E503A5BB-D41A-4C6E-B8BD-D21A75DEAD4E}.Release|Any CPU.ActiveCfg = Release|Any CPU
		{E503A5BB-D41A-4C6E-B8BD-D21A75DEAD4E}.Release|Any CPU.Build.0 = Release|Any CPU
	EndGlobalSection
	GlobalSection(SolutionProperties) = preSolution
		HideSolutionNode = FALSE
	EndGlobalSection
	GlobalSection(ExtensibilityGlobals) = postSolution
		SolutionGuid = {E7BC54DA-F6B6-4360-8C9D-D71990E2C08C}
	EndGlobalSection
EndGlobal
